
Microsoft Visual Studio Solution File, Format Version 12.00
Project("{FAE04EC0-301F-11D3-BF4B-00C04F79EFBC}") = "LINQtask", "LINQtask\LINQtask.csproj", "{93F40AEF-78C5-4CB4-B1D8-9AF0AD3804BB}"
EndProject
Global
	GlobalSection(SolutionConfigurationPlatforms) = preSolution
		Debug|Any CPU = Debug|Any CPU
		Release|Any CPU = Release|Any CPU
	EndGlobalSection
	GlobalSection(ProjectConfigurationPlatforms) = postSolution
		{93F40AEF-78C5-4CB4-B1D8-9AF0AD3804BB}.Debug|Any CPU.ActiveCfg = Debug|Any CPU
		{93F40AEF-78C5-4CB4-B1D8-9AF0AD3804BB}.Debug|Any CPU.Build.0 = Debug|Any CPU
		{93F40AEF-78C5-4CB4-B1D8-9AF0AD3804BB}.Release|Any CPU.ActiveCfg = Release|Any CPU
		{93F40AEF-78C5-4CB4-B1D8-9AF0AD3804BB}.Release|Any CPU.Build.0 = Release|Any CPU
	EndGlobalSection
EndGlobal
